
Microsoft Visual Studio Solution File, Format Version 12.00
# Visual Studio Version 16
VisualStudioVersion = 16.0.30309.148
MinimumVisualStudioVersion = 10.0.40219.1
Project("{FAE04EC0-301F-11D3-BF4B-00C04F79EFBC}") = "Snake", "countingDuplicates\Snake.csproj", "{886594AB-BF37-4CDA-AC9C-5ACFD4260533}"
EndProject
Global
	GlobalSection(SolutionConfigurationPlatforms) = preSolution
		Debug|Any CPU = Debug|Any CPU
		Release|Any CPU = Release|Any CPU
	EndGlobalSection
	GlobalSection(ProjectConfigurationPlatforms) = postSolution
		{886594AB-BF37-4CDA-AC9C-5ACFD4260533}.Debug|Any CPU.ActiveCfg = Debug|Any CPU
		{886594AB-BF37-4CDA-AC9C-5ACFD4260533}.Debug|Any CPU.Build.0 = Debug|Any CPU
		{886594AB-BF37-4CDA-AC9C-5ACFD4260533}.Release|Any CPU.ActiveCfg = Release|Any CPU
		{886594AB-BF37-4CDA-AC9C-5ACFD4260533}.Release|Any CPU.Build.0 = Release|Any CPU
	EndGlobalSection
	GlobalSection(SolutionProperties) = preSolution
		HideSolutionNode = FALSE
	EndGlobalSection
	GlobalSection(ExtensibilityGlobals) = postSolution
		SolutionGuid = {124B6B3F-FC60-454E-BB78-A42FB4F8685B}
	EndGlobalSection
EndGlobal
